PODS:
  - Alamofire (4.7.3)
  - GoogleMobileVision/Detector (1.3.2):
    - GoogleToolboxForMac/Logger (~> 2.1)
    - "GoogleToolboxForMac/NSData+zlib (~> 2.1)"
    - GTMSessionFetcher/Core (~> 1.1)
    - Protobuf (~> 3.1)
  - GoogleMobileVision/FaceDetector (1.3.2):
    - GoogleMobileVision/Detector (~> 1.3)
  - GoogleToolboxForMac/Defines (2.1.4)
  - GoogleToolboxForMac/Logger (2.1.4):
    - GoogleToolboxForMac/Defines (= 2.1.4)
  - "GoogleToolboxForMac/NSData+zlib (2.1.4)":
    - GoogleToolboxForMac/Defines (= 2.1.4)
  - GTMSessionFetcher/Core (1.1.15)
  - IQKeyboardManagerSwift (6.1.1)
  - Kingfisher (4.8.1)
  - mailcore2-ios (0.6.4)
  - Protobuf (3.6.0)
  - SwiftyJSON (4.1.0)
  - youtube-ios-player-helper (0.1.6)

DEPENDENCIES:
  - Alamofire (~> 4.7)
  - GoogleMobileVision/FaceDetector (>= 1.2.0)
  - IQKeyboardManagerSwift
  - Kingfisher (~> 4.8)
  - mailcore2-ios
  - SwiftyJSON (~> 4.1)
  - youtube-ios-player-helper (~> 0.1.4)

SPEC REPOS:
  https://github.com/cocoapods/specs.git:
    - Alamofire
    - GoogleMobileVision
    - GoogleToolboxForMac
    - GTMSessionFetcher
    - IQKeyboardManagerSwift
    - Kingfisher
    - mailcore2-ios
    - Protobuf
    - SwiftyJSON
    - youtube-ios-player-helper

SPEC CHECKSUMS:
  Alamofire: c7287b6e5d7da964a70935e5db17046b7fde6568
  GoogleMobileVision: 6b0a3a2dae1974ec35d80fdeeacc3a03193642e0
  GoogleToolboxForMac: 91c824d21e85b31c2aae9bb011c5027c9b4e738f
  GTMSessionFetcher: 5fa5b80fd20e439ef5f545fb2cb3ca6c6714caa2
  IQKeyboardManagerSwift: 977affaeb4d6e971975c7790a6850f31d38f1207
  Kingfisher: 868c1149679a7ab6869be118faa9b5aed154aaf0
  mailcore2-ios: 3ff0be2fa553d4da9c11d39c11d51863c768f24f
  Protobuf: 0fc0ad8bec688b2a3017a139953e01374fedbd5f
  SwiftyJSON: c29297daf073d2aa016295d5809cdd68045c39b3
  youtube-ios-player-helper: 21ab92db027c7ff86cb17a3843a3f6eafc8158d2

PODFILE CHECKSUM: 5131c0d2c56bbd83ebae414a66ca88c4d1c84ebd

COCOAPODS: 1.5.3
